// !$*UTF8*$!
{
	archiveVersion = 1;
	classes = {
	};
	objectVersion = 51;
	objects = {

/* Begin PBXBuildFile section */
		15D9B1CDD1B032721F3E08CD /* Pods_Comedy_Diary.framework in Frameworks */ = {isa = PBXBuildFile; fileRef = 481DD2847E7AD43D2572FCE5 /* Pods_Comedy_Diary.framework */; };
		63FFBD1C233B0C7100E7B615 /* AppDelegate.swift in Sources */ = {isa = PBXBuildFile; fileRef = 63FFBD1B233B0C7100E7B615 /* AppDelegate.swift */; };
		63FFBD1E233B0C7100E7B615 /* SceneDelegate.swift in Sources */ = {isa = PBXBuildFile; fileRef = 63FFBD1D233B0C7100E7B615 /* SceneDelegate.swift */; };
		63FFBD26233B0C7100E7B615 /* Comedy_Diary.xcdatamodeld in Sources */ = {isa = PBXBuildFile; fileRef = 63FFBD24233B0C7100E7B615 /* Comedy_Diary.xcdatamodeld */; };
		63FFBD28233B0C7100E7B615 /* Assets.xcassets in Resources */ = {isa = PBXBuildFile; fileRef = 63FFBD27233B0C7100E7B615 /* Assets.xcassets */; };
		63FFBD34233B0CB100E7B615 /* Main.storyboard in Resources */ = {isa = PBXBuildFile; fileRef = 63FFBD32233B0CB100E7B615 /* Main.storyboard */; };
		63FFBD35233B0CB100E7B615 /* LaunchScreen.storyboard in Resources */ = {isa = PBXBuildFile; fileRef = 63FFBD33233B0CB100E7B615 /* LaunchScreen.storyboard */; };
		63FFBD3D233B0CD900E7B615 /* JokeListController.swift in Sources */ = {isa = PBXBuildFile; fileRef = 63FFBD36233B0CD900E7B615 /* JokeListController.swift */; };
		63FFBD3E233B0CD900E7B615 /* SetListController.swift in Sources */ = {isa = PBXBuildFile; fileRef = 63FFBD37233B0CD900E7B615 /* SetListController.swift */; };
		63FFBD3F233B0CD900E7B615 /* JokeController.swift in Sources */ = {isa = PBXBuildFile; fileRef = 63FFBD38233B0CD900E7B615 /* JokeController.swift */; };
		63FFBD40233B0CD900E7B615 /* SetContoller.swift in Sources */ = {isa = PBXBuildFile; fileRef = 63FFBD39233B0CD900E7B615 /* SetContoller.swift */; };
		63FFBD41233B0CD900E7B615 /* ShowTimeController.swift in Sources */ = {isa = PBXBuildFile; fileRef = 63FFBD3A233B0CD900E7B615 /* ShowTimeController.swift */; };
		63FFBD42233B0CD900E7B615 /* MainTabController.swift in Sources */ = {isa = PBXBuildFile; fileRef = 63FFBD3B233B0CD900E7B615 /* MainTabController.swift */; };
		63FFBD43233B0CD900E7B615 /* HomeViewController.swift in Sources */ = {isa = PBXBuildFile; fileRef = 63FFBD3C233B0CD900E7B615 /* HomeViewController.swift */; };
		63FFBD47233B0D0400E7B615 /* RealmDB.swift in Sources */ = {isa = PBXBuildFile; fileRef = 63FFBD44233B0D0300E7B615 /* RealmDB.swift */; };
		63FFBD48233B0D0400E7B615 /* Set.swift in Sources */ = {isa = PBXBuildFile; fileRef = 63FFBD45233B0D0300E7B615 /* Set.swift */; };
		63FFBD49233B0D0400E7B615 /* Joke.swift in Sources */ = {isa = PBXBuildFile; fileRef = 63FFBD46233B0D0400E7B615 /* Joke.swift */; };
/* End PBXBuildFile section */

/* Begin PBXFileReference section */
		31B7F0F7B692A09C903C538C /* Pods-Comedy_Diary.release.xcconfig */ = {isa = PBXFileReference; includeInIndex = 1; lastKnownFileType = text.xcconfig; name = "Pods-Comedy_Diary.release.xcconfig"; path = "Target Support Files/Pods-Comedy_Diary/Pods-Comedy_Diary.release.xcconfig"; sourceTree = "<group>"; };
		481DD2847E7AD43D2572FCE5 /* Pods_Comedy_Diary.framework */ = {isa = PBXFileReference; explicitFileType = wrapper.framework; includeInIndex = 0; path = Pods_Comedy_Diary.framework; sourceTree = BUILT_PRODUCTS_DIR; };
		63FFBD18233B0C7100E7B615 /* Comedy_Diary.app */ = {isa = PBXFileReference; explicitFileType = wrapper.application; includeInIndex = 0; path = Comedy_Diary.app; sourceTree = BUILT_PRODUCTS_DIR; };
		63FFBD1B233B0C7100E7B615 /* AppDelegate.swift */ = {isa = PBXFileReference; lastKnownFileType = sourcecode.swift; path = AppDelegate.swift; sourceTree = "<group>"; };
		63FFBD1D233B0C7100E7B615 /* SceneDelegate.swift */ = {isa = PBXFileReference; lastKnownFileType = sourcecode.swift; path = SceneDelegate.swift; sourceTree = "<group>"; };
		63FFBD25233B0C7100E7B615 /* Comedy_Diary.xcdatamodel */ = {isa = PBXFileReference; lastKnownFileType = wrapper.xcdatamodel; path = Comedy_Diary.xcdatamodel; sourceTree = "<group>"; };
		63FFBD27233B0C7100E7B615 /* Assets.xcassets */ = {isa = PBXFileReference; lastKnownFileType = folder.assetcatalog; path = Assets.xcassets; sourceTree = "<group>"; };
		63FFBD2C233B0C7100E7B615 /* Info.plist */ = {isa = PBXFileReference; lastKnownFileType = text.plist.xml; path = Info.plist; sourceTree = "<group>"; };
		63FFBD32233B0CB100E7B615 /* Main.storyboard */ = {isa = PBXFileReference; fileEncoding = 4; lastKnownFileType = file.storyboard; path = Main.storyboard; sourceTree = "<group>"; };
		63FFBD33233B0CB100E7B615 /* LaunchScreen.storyboard */ = {isa = PBXFileReference; fileEncoding = 4; lastKnownFileType = file.storyboard; path = LaunchScreen.storyboard; sourceTree = "<group>"; };
		63FFBD36233B0CD900E7B615 /* JokeListController.swift */ = {isa = PBXFileReference; fileEncoding = 4; lastKnownFileType = sourcecode.swift; path = JokeListController.swift; sourceTree = "<group>"; };
		63FFBD37233B0CD900E7B615 /* SetListController.swift */ = {isa = PBXFileReference; fileEncoding = 4; lastKnownFileType = sourcecode.swift; path = SetListController.swift; sourceTree = "<group>"; };
		63FFBD38233B0CD900E7B615 /* JokeController.swift */ = {isa = PBXFileReference; fileEncoding = 4; lastKnownFileType = sourcecode.swift; path = JokeController.swift; sourceTree = "<group>"; };
		63FFBD39233B0CD900E7B615 /* SetContoller.swift */ = {isa = PBXFileReference; fileEncoding = 4; lastKnownFileType = sourcecode.swift; path = SetContoller.swift; sourceTree = "<group>"; };
		63FFBD3A233B0CD900E7B615 /* ShowTimeController.swift */ = {isa = PBXFileReference; fileEncoding = 4; lastKnownFileType = sourcecode.swift; path = ShowTimeController.swift; sourceTree = "<group>"; };
		63FFBD3B233B0CD900E7B615 /* MainTabController.swift */ = {isa = PBXFileReference; fileEncoding = 4; lastKnownFileType = sourcecode.swift; path = MainTabController.swift; sourceTree = "<group>"; };
		63FFBD3C233B0CD900E7B615 /* HomeViewController.swift */ = {isa = PBXFileReference; fileEncoding = 4; lastKnownFileType = sourcecode.swift; path = HomeViewController.swift; sourceTree = "<group>"; };
		63FFBD44233B0D0300E7B615 /* RealmDB.swift */ = {isa = PBXFileReference; fileEncoding = 4; lastKnownFileType = sourcecode.swift; path = RealmDB.swift; sourceTree = "<group>"; };
		63FFBD45233B0D0300E7B615 /* Set.swift */ = {isa = PBXFileReference; fileEncoding = 4; lastKnownFileType = sourcecode.swift; path = Set.swift; sourceTree = "<group>"; };
		63FFBD46233B0D0400E7B615 /* Joke.swift */ = {isa = PBXFileReference; fileEncoding = 4; lastKnownFileType = sourcecode.swift; path = Joke.swift; sourceTree = "<group>"; };
		A7E9C3E0B29BE1FAD66C3910 /* Pods-Comedy_Diary.debug.xcconfig */ = {isa = PBXFileReference; includeInIndex = 1; lastKnownFileType = text.xcconfig; name = "Pods-Comedy_Diary.debug.xcconfig"; path = "Target Support Files/Pods-Comedy_Diary/Pods-Comedy_Diary.debug.xcconfig"; sourceTree = "<group>"; };
/* End PBXFileReference section */

/* Begin PBXFrameworksBuildPhase section */
		63FFBD15233B0C7100E7B615 /* Frameworks */ = {
			isa = PBXFrameworksBuildPhase;
			buildActionMask = 2147483647;
			files = (
				15D9B1CDD1B032721F3E08CD /* Pods_Comedy_Diary.framework in Frameworks */,
			);
			runOnlyForDeploymentPostprocessing = 0;
		};
/* End PBXFrameworksBuildPhase section */

/* Begin PBXGroup section */
		63FFBD0F233B0C7100E7B615 = {
			isa = PBXGroup;
			children = (
				63FFBD1A233B0C7100E7B615 /* Comedy_Diary */,
				63FFBD19233B0C7100E7B615 /* Products */,
				899EA1550FBE96049AA2FC00 /* Pods */,
				F9A5FF28C67E212B0353F9BA /* Frameworks */,
			);
			sourceTree = "<group>";
		};
		63FFBD19233B0C7100E7B615 /* Products */ = {
			isa = PBXGroup;
			children = (
				63FFBD18233B0C7100E7B615 /* Comedy_Diary.app */,
			);
			name = Products;
			sourceTree = "<group>";
		};
		63FFBD1A233B0C7100E7B615 /* Comedy_Diary */ = {
			isa = PBXGroup;
			children = (
				63FFBD4A233BFEBB00E7B615 /* Data Models */,
				63FFBD4B233BFEF100E7B615 /* Controllers */,
				63FFBD33233B0CB100E7B615 /* LaunchScreen.storyboard */,
				63FFBD32233B0CB100E7B615 /* Main.storyboard */,
				63FFBD1B233B0C7100E7B615 /* AppDelegate.swift */,
				63FFBD1D233B0C7100E7B615 /* SceneDelegate.swift */,
				63FFBD27233B0C7100E7B615 /* Assets.xcassets */,
				63FFBD2C233B0C7100E7B615 /* Info.plist */,
				63FFBD24233B0C7100E7B615 /* Comedy_Diary.xcdatamodeld */,
			);
			path = Comedy_Diary;
			sourceTree = "<group>";
		};
		63FFBD4A233BFEBB00E7B615 /* Data Models */ = {
			isa = PBXGroup;
			children = (
				63FFBD46233B0D0400E7B615 /* Joke.swift */,
				63FFBD44233B0D0300E7B615 /* RealmDB.swift */,
				63FFBD45233B0D0300E7B615 /* Set.swift */,
			);
			path = "Data Models";
			sourceTree = "<group>";
		};
		63FFBD4B233BFEF100E7B615 /* Controllers */ = {
			isa = PBXGroup;
			children = (
				63FFBD3C233B0CD900E7B615 /* HomeViewController.swift */,
				63FFBD38233B0CD900E7B615 /* JokeController.swift */,
				63FFBD36233B0CD900E7B615 /* JokeListController.swift */,
				63FFBD3B233B0CD900E7B615 /* MainTabController.swift */,
				63FFBD39233B0CD900E7B615 /* SetContoller.swift */,
				63FFBD37233B0CD900E7B615 /* SetListController.swift */,
				63FFBD3A233B0CD900E7B615 /* ShowTimeController.swift */,
			);
			path = Controllers;
			sourceTree = "<group>";
		};
		899EA1550FBE96049AA2FC00 /* Pods */ = {
			isa = PBXGroup;
			children = (
				A7E9C3E0B29BE1FAD66C3910 /* Pods-Comedy_Diary.debug.xcconfig */,
				31B7F0F7B692A09C903C538C /* Pods-Comedy_Diary.release.xcconfig */,
			);
			path = Pods;
			sourceTree = "<group>";
		};
		F9A5FF28C67E212B0353F9BA /* Frameworks */ = {
			isa = PBXGroup;
			children = (
				481DD2847E7AD43D2572FCE5 /* Pods_Comedy_Diary.framework */,
			);
			name = Frameworks;
			sourceTree = "<group>";
		};
/* End PBXGroup section */

/* Begin PBXNativeTarget section */
		63FFBD17233B0C7100E7B615 /* Comedy_Diary */ = {
			isa = PBXNativeTarget;
			buildConfigurationList = 63FFBD2F233B0C7100E7B615 /* Build configuration list for PBXNativeTarget "Comedy_Diary" */;
			buildPhases = (
				055A2293451022C41F477224 /* [CP] Check Pods Manifest.lock */,
				63FFBD14233B0C7100E7B615 /* Sources */,
				63FFBD15233B0C7100E7B615 /* Frameworks */,
				63FFBD16233B0C7100E7B615 /* Resources */,
				CA062AA1F3A6DE0975EAA838 /* [CP] Embed Pods Frameworks */,
			);
			buildRules = (
			);
			dependencies = (
			);
			name = Comedy_Diary;
			productName = Comedy_Diary;
			productReference = 63FFBD18233B0C7100E7B615 /* Comedy_Diary.app */;
			productType = "com.apple.product-type.application";
		};
/* End PBXNativeTarget section */

/* Begin PBXProject section */
		63FFBD10233B0C7100E7B615 /* Project object */ = {
			isa = PBXProject;
			attributes = {
				LastSwiftUpdateCheck = 1100;
				LastUpgradeCheck = 1100;
				ORGANIZATIONNAME = "Trevor Griffiths";
				TargetAttributes = {
					63FFBD17233B0C7100E7B615 = {
						CreatedOnToolsVersion = 11.0;
					};
				};
			};
			buildConfigurationList = 63FFBD13233B0C7100E7B615 /* Build configuration list for PBXProject "Comedy_Diary" */;
			compatibilityVersion = "Xcode 9.3";
			developmentRegion = en;
			hasScannedForEncodings = 0;
			knownRegions = (
				en,
				Base,
			);
			mainGroup = 63FFBD0F233B0C7100E7B615;
			productRefGroup = 63FFBD19233B0C7100E7B615 /* Products */;
			projectDirPath = "";
			projectRoot = "";
			targets = (
				63FFBD17233B0C7100E7B615 /* Comedy_Diary */,
			);
		};
/* End PBXProject section */

/* Begin PBXResourcesBuildPhase section */
		63FFBD16233B0C7100E7B615 /* Resources */ = {
			isa = PBXResourcesBuildPhase;
			buildActionMask = 2147483647;
			files = (
				63FFBD35233B0CB100E7B615 /* LaunchScreen.storyboard in Resources */,
				63FFBD28233B0C7100E7B615 /* Assets.xcassets in Resources */,
				63FFBD34233B0CB100E7B615 /* Main.storyboard in Resources */,
			);
			runOnlyForDeploymentPostprocessing = 0;
		};
/* End PBXResourcesBuildPhase section */

/* Begin PBXShellScriptBuildPhase section */
		055A2293451022C41F477224 /* [CP] Check Pods Manifest.lock */ = {
			isa = PBXShellScriptBuildPhase;
			buildActionMask = 2147483647;
			files = (
			);
			inputFileListPaths = (
			);
			inputPaths = (
				"${PODS_PODFILE_DIR_PATH}/Podfile.lock",
				"${PODS_ROOT}/Manifest.lock",
			);
			name = "[CP] Check Pods Manifest.lock";
			outputFileListPaths = (
			);
			outputPaths = (
				"$(DERIVED_FILE_DIR)/Pods-Comedy_Diary-checkManifestLockResult.txt",
			);
			runOnlyForDeploymentPostprocessing = 0;
			shellPath = /bin/sh;
			shellScript = "diff \"${PODS_PODFILE_DIR_PATH}/Podfile.lock\" \"${PODS_ROOT}/Manifest.lock\" > /dev/null\nif [ $? != 0 ] ; then\n    # print error to STDERR\n    echo \"error: The sandbox is not in sync with the Podfile.lock. Run 'pod install' or update your CocoaPods installation.\" >&2\n    exit 1\nfi\n# This output is used by Xcode 'outputs' to avoid re-running this script phase.\necho \"SUCCESS\" > \"${SCRIPT_OUTPUT_FILE_0}\"\n";
			showEnvVarsInLog = 0;
		};
		CA062AA1F3A6DE0975EAA838 /* [CP] Embed Pods Frameworks */ = {
			isa = PBXShellScriptBuildPhase;
			buildActionMask = 2147483647;
			files = (
			);
			inputFileListPaths = (
				"${PODS_ROOT}/Target Support Files/Pods-Comedy_Diary/Pods-Comedy_Diary-frameworks-${CONFIGURATION}-input-files.xcfilelist",
			);
			name = "[CP] Embed Pods Frameworks";
			outputFileListPaths = (
				"${PODS_ROOT}/Target Support Files/Pods-Comedy_Diary/Pods-Comedy_Diary-frameworks-${CONFIGURATION}-output-files.xcfilelist",
			);
			runOnlyForDeploymentPostprocessing = 0;
			shellPath = /bin/sh;
			shellScript = "\"${PODS_ROOT}/Target Support Files/Pods-Comedy_Diary/Pods-Comedy_Diary-frameworks.sh\"\n";
			showEnvVarsInLog = 0;
		};
/* End PBXShellScriptBuildPhase section */

/* Begin PBXSourcesBuildPhase section */
		63FFBD14233B0C7100E7B615 /* Sources */ = {
			isa = PBXSourcesBuildPhase;
			buildActionMask = 2147483647;
			files = (
				63FFBD3D233B0CD900E7B615 /* JokeListController.swift in Sources */,
				63FFBD1C233B0C7100E7B615 /* AppDelegate.swift in Sources */,
				63FFBD3E233B0CD900E7B615 /* SetListController.swift in Sources */,
				63FFBD3F233B0CD900E7B615 /* JokeController.swift in Sources */,
				63FFBD40233B0CD900E7B615 /* SetContoller.swift in Sources */,
				63FFBD47233B0D0400E7B615 /* RealmDB.swift in Sources */,
				63FFBD43233B0CD900E7B615 /* HomeViewController.swift in Sources */,
				63FFBD42233B0CD900E7B615 /* MainTabController.swift in Sources */,
				63FFBD48233B0D0400E7B615 /* Set.swift in Sources */,
				63FFBD49233B0D0400E7B615 /* Joke.swift in Sources */,
				63FFBD26233B0C7100E7B615 /* Comedy_Diary.xcdatamodeld in Sources */,
				63FFBD1E233B0C7100E7B615 /* SceneDelegate.swift in Sources */,
				63FFBD41233B0CD900E7B615 /* ShowTimeController.swift in Sources */,
			);
			runOnlyForDeploymentPostprocessing = 0;
		};
/* End PBXSourcesBuildPhase section */

/* Begin XCBuildConfiguration section */
		63FFBD2D233B0C7100E7B615 /* Debug */ = {
			isa = XCBuildConfiguration;
			buildSettings = {
				ALWAYS_SEARCH_USER_PATHS = NO;
				CLANG_ANALYZER_NONNULL = YES;
				CLANG_ANALYZER_NUMBER_OBJECT_CONVERSION = YES_AGGRESSIVE;
				CLANG_CXX_LANGUAGE_STANDARD = "gnu++14";
				CLANG_CXX_LIBRARY = "libc++";
				CLANG_ENABLE_MODULES = YES;
				CLANG_ENABLE_OBJC_ARC = YES;
				CLANG_ENABLE_OBJC_WEAK = YES;
				CLANG_WARN_BLOCK_CAPTURE_AUTORELEASING = YES;
				CLANG_WARN_BOOL_CONVERSION = YES;
				CLANG_WARN_COMMA = YES;
				CLANG_WARN_CONSTANT_CONVERSION = YES;
				CLANG_WARN_DEPRECATED_OBJC_IMPLEMENTATIONS = YES;
				CLANG_WARN_DIRECT_OBJC_ISA_USAGE = YES_ERROR;
				CLANG_WARN_DOCUMENTATION_COMMENTS = YES;
				CLANG_WARN_EMPTY_BODY = YES;
				CLANG_WARN_ENUM_CONVERSION = YES;
				CLANG_WARN_INFINITE_RECURSION = YES;
				CLANG_WARN_INT_CONVERSION = YES;
				CLANG_WARN_NON_LITERAL_NULL_CONVERSION = YES;
				CLANG_WARN_OBJC_IMPLICIT_RETAIN_SELF = YES;
				CLANG_WARN_OBJC_LITERAL_CONVERSION = YES;
				CLANG_WARN_OBJC_ROOT_CLASS = YES_ERROR;
				CLANG_WARN_RANGE_LOOP_ANALYSIS = YES;
				CLANG_WARN_STRICT_PROTOTYPES = YES;
				CLANG_WARN_SUSPICIOUS_MOVE = YES;
				CLANG_WARN_UNGUARDED_AVAILABILITY = YES_AGGRESSIVE;
				CLANG_WARN_UNREACHABLE_CODE = YES;
				CLANG_WARN__DUPLICATE_METHOD_MATCH = YES;
				COPY_PHASE_STRIP = NO;
				DEBUG_INFORMATION_FORMAT = dwarf;
				ENABLE_STRICT_OBJC_MSGSEND = YES;
				ENABLE_TESTABILITY = YES;
				GCC_C_LANGUAGE_STANDARD = gnu11;
				GCC_DYNAMIC_NO_PIC = NO;
				GCC_NO_COMMON_BLOCKS = YES;
				GCC_OPTIMIZATION_LEVEL = 0;
				GCC_PREPROCESSOR_DEFINITIONS = (
					"DEBUG=1",
					"$(inherited)",
				);
				GCC_WARN_64_TO_32_BIT_CONVERSION = YES;
				GCC_WARN_ABOUT_RETURN_TYPE = YES_ERROR;
				GCC_WARN_UNDECLARED_SELECTOR = YES;
				GCC_WARN_UNINITIALIZED_AUTOS = YES_AGGRESSIVE;
				GCC_WARN_UNUSED_FUNCTION = YES;
				GCC_WARN_UNUSED_VARIABLE = YES;
				IPHONEOS_DEPLOYMENT_TARGET = 13.0;
				MTL_ENABLE_DEBUG_INFO = INCLUDE_SOURCE;
				MTL_FAST_MATH = YES;
				ONLY_ACTIVE_ARCH = YES;
				SDKROOT = iphoneos;
				SWIFT_ACTIVE_COMPILATION_CONDITIONS = DEBUG;
				SWIFT_OPTIMIZATION_LEVEL = "-Onone";
			};
			name = Debug;
		};
		63FFBD2E233B0C7100E7B615 /* Release */ = {
			isa = XCBuildConfiguration;
			buildSettings = {
				ALWAYS_SEARCH_USER_PATHS = NO;
				CLANG_ANALYZER_NONNULL = YES;
				CLANG_ANALYZER_NUMBER_OBJECT_CONVERSION = YES_AGGRESSIVE;
				CLANG_CXX_LANGUAGE_STANDARD = "gnu++14";
				CLANG_CXX_LIBRARY = "libc++";
				CLANG_ENABLE_MODULES = YES;
				CLANG_ENABLE_OBJC_ARC = YES;
				CLANG_ENABLE_OBJC_WEAK = YES;
				CLANG_WARN_BLOCK_CAPTURE_AUTORELEASING = YES;
				CLANG_WARN_BOOL_CONVERSION = YES;
				CLANG_WARN_COMMA = YES;
				CLANG_WARN_CONSTANT_CONVERSION = YES;
				CLANG_WARN_DEPRECATED_OBJC_IMPLEMENTATIONS = YES;
				CLANG_WARN_DIRECT_OBJC_ISA_USAGE = YES_ERROR;
				CLANG_WARN_DOCUMENTATION_COMMENTS = YES;
				CLANG_WARN_EMPTY_BODY = YES;
				CLANG_WARN_ENUM_CONVERSION = YES;
				CLANG_WARN_INFINITE_RECURSION = YES;
				CLANG_WARN_INT_CONVERSION = YES;
				CLANG_WARN_NON_LITERAL_NULL_CONVERSION = YES;
				CLANG_WARN_OBJC_IMPLICIT_RETAIN_SELF = YES;
				CLANG_WARN_OBJC_LITERAL_CONVERSION = YES;
				CLANG_WARN_OBJC_ROOT_CLASS = YES_ERROR;
				CLANG_WARN_RANGE_LOOP_ANALYSIS = YES;
				CLANG_WARN_STRICT_PROTOTYPES = YES;
				CLANG_WARN_SUSPICIOUS_MOVE = YES;
				CLANG_WARN_UNGUARDED_AVAILABILITY = YES_AGGRESSIVE;
				CLANG_WARN_UNREACHABLE_CODE = YES;
				CLANG_WARN__DUPLICATE_METHOD_MATCH = YES;
				COPY_PHASE_STRIP = NO;
				DEBUG_INFORMATION_FORMAT = "dwarf-with-dsym";
				ENABLE_NS_ASSERTIONS = NO;
				ENABLE_STRICT_OBJC_MSGSEND = YES;
				GCC_C_LANGUAGE_STANDARD = gnu11;
				GCC_NO_COMMON_BLOCKS = YES;
				GCC_WARN_64_TO_32_BIT_CONVERSION = YES;
				GCC_WARN_ABOUT_RETURN_TYPE = YES_ERROR;
				GCC_WARN_UNDECLARED_SELECTOR = YES;
				GCC_WARN_UNINITIALIZED_AUTOS = YES_AGGRESSIVE;
				GCC_WARN_UNUSED_FUNCTION = YES;
				GCC_WARN_UNUSED_VARIABLE = YES;
				IPHONEOS_DEPLOYMENT_TARGET = 13.0;
				MTL_ENABLE_DEBUG_INFO = NO;
				MTL_FAST_MATH = YES;
				SDKROOT = iphoneos;
				SWIFT_COMPILATION_MODE = wholemodule;
				SWIFT_OPTIMIZATION_LEVEL = "-O";
				VALIDATE_PRODUCT = YES;
			};
			name = Release;
		};
		63FFBD30233B0C7100E7B615 /* Debug */ = {
			isa = XCBuildConfiguration;
			baseConfigurationReference = A7E9C3E0B29BE1FAD66C3910 /* Pods-Comedy_Diary.debug.xcconfig */;
			buildSettings = {
				ASSETCATALOG_COMPILER_APPICON_NAME = AppIcon;
				CODE_SIGN_STYLE = Automatic;
				DEVELOPMENT_TEAM = 7L6H5VHP8V;
				INFOPLIST_FILE = Comedy_Diary/Info.plist;
				LD_RUNPATH_SEARCH_PATHS = (
					"$(inherited)",
					"@executable_path/Frameworks",
				);
				PRODUCT_BUNDLE_IDENTIFIER = "com.Trev.Comedy-Diary";
				PRODUCT_NAME = "$(TARGET_NAME)";
				SWIFT_VERSION = 5.0;
				TARGETED_DEVICE_FAMILY = "1,2";
			};
			name = Debug;
		};
		63FFBD31233B0C7100E7B615 /* Release */ = {
			isa = XCBuildConfiguration;
			baseConfigurationReference = 31B7F0F7B692A09C903C538C /* Pods-Comedy_Diary.release.xcconfig */;
			buildSettings = {
				ASSETCATALOG_COMPILER_APPICON_NAME = AppIcon;
				CODE_SIGN_STYLE = Automatic;
				DEVELOPMENT_TEAM = 7L6H5VHP8V;
				INFOPLIST_FILE = Comedy_Diary/Info.plist;
				LD_RUNPATH_SEARCH_PATHS = (
					"$(inherited)",
					"@executable_path/Frameworks",
				);
				PRODUCT_BUNDLE_IDENTIFIER = "com.Trev.Comedy-Diary";
				PRODUCT_NAME = "$(TARGET_NAME)";
				SWIFT_VERSION = 5.0;
				TARGETED_DEVICE_FAMILY = "1,2";
			};
			name = Release;
		};
/* End XCBuildConfiguration section */

/* Begin XCConfigurationList section */
		63FFBD13233B0C7100E7B615 /* Build configuration list for PBXProject "Comedy_Diary" */ = {
			isa = XCConfigurationList;
			buildConfigurations = (
				63FFBD2D233B0C7100E7B615 /* Debug */,
				63FFBD2E233B0C7100E7B615 /* Release */,
			);
			defaultConfigurationIsVisible = 0;
			defaultConfigurationName = Release;
		};
		63FFBD2F233B0C7100E7B615 /* Build configuration list for PBXNativeTarget "Comedy_Diary" */ = {
			isa = XCConfigurationList;
			buildConfigurations = (
				63FFBD30233B0C7100E7B615 /* Debug */,
				63FFBD31233B0C7100E7B615 /* Release */,
			);
			defaultConfigurationIsVisible = 0;
			defaultConfigurationName = Release;
		};
/* End XCConfigurationList section */

/* Begin XCVersionGroup section */
		63FFBD24233B0C7100E7B615 /* Comedy_Diary.xcdatamodeld */ = {
			isa = XCVersionGroup;
			children = (
				63FFBD25233B0C7100E7B615 /* Comedy_Diary.xcdatamodel */,
			);
			currentVersion = 63FFBD25233B0C7100E7B615 /* Comedy_Diary.xcdatamodel */;
			path = Comedy_Diary.xcdatamodeld;
			sourceTree = "<group>";
			versionGroupType = wrapper.xcdatamodel;
		};
/* End XCVersionGroup section */
	};
	rootObject = 63FFBD10233B0C7100E7B615 /* Project object */;
}
